
Microsoft Visual Studio Solution File, Format Version 12.00
# Visual Studio 2012
Project("{FAE04EC0-301F-11D3-BF4B-00C04F79EFBC}") = "Website", "Website\Website.csproj", "{D6FC4747-5619-4200-95F9-4E1D134B6C1B}"
EndProject
Project("{FAE04EC0-301F-11D3-BF4B-00C04F79EFBC}") = "ServiceLibrary", "ServiceLibrary\ServiceLibrary.csproj", "{255624D9-6830-4D3E-B4C5-7488096332F4}"
EndProject
Global
	GlobalSection(SolutionConfigurationPlatforms) = preSolution
		Debug|Any CPU = Debug|Any CPU
		Release|Any CPU = Release|Any CPU
	EndGlobalSection
	GlobalSection(ProjectConfigurationPlatforms) = postSolution
		{D6FC4747-5619-4200-95F9-4E1D134B6C1B}.Debug|Any CPU.ActiveCfg = Debug|Any CPU
		{D6FC4747-5619-4200-95F9-4E1D134B6C1B}.Debug|Any CPU.Build.0 = Debug|Any CPU
		{D6FC4747-5619-4200-95F9-4E1D134B6C1B}.Release|Any CPU.ActiveCfg = Release|Any CPU
		{D6FC4747-5619-4200-95F9-4E1D134B6C1B}.Release|Any CPU.Build.0 = Release|Any CPU
		{255624D9-6830-4D3E-B4C5-7488096332F4}.Debug|Any CPU.ActiveCfg = Debug|Any CPU
		{255624D9-6830-4D3E-B4C5-7488096332F4}.Debug|Any CPU.Build.0 = Debug|Any CPU
		{255624D9-6830-4D3E-B4C5-7488096332F4}.Release|Any CPU.ActiveCfg = Release|Any CPU
		{255624D9-6830-4D3E-B4C5-7488096332F4}.Release|Any CPU.Build.0 = Release|Any CPU
	EndGlobalSection
	GlobalSection(SolutionProperties) = preSolution
		HideSolutionNode = FALSE
	EndGlobalSection
EndGlobal
